
Microsoft Visual Studio Solution File, Format Version 12.00
# Visual Studio Version 17
VisualStudioVersion = 17.4.33103.184
MinimumVisualStudioVersion = 10.0.40219.1
Project("{FAE04EC0-301F-11D3-BF4B-00C04F79EFBC}") = "WinFormsApp1", "WinFormsApp1\WinFormsApp1.csproj", "{766FBBE1-8BFB-4A67-98DA-E903D53F8E9C}"
EndProject
Global
	GlobalSection(SolutionConfigurationPlatforms) = preSolution
		Debug|Any CPU = Debug|Any CPU
		Release|Any CPU = Release|Any CPU
	EndGlobalSection
	GlobalSection(ProjectConfigurationPlatforms) = postSolution
		{766FBBE1-8BFB-4A67-98DA-E903D53F8E9C}.Debug|Any CPU.ActiveCfg = Debug|Any CPU
		{766FBBE1-8BFB-4A67-98DA-E903D53F8E9C}.Debug|Any CPU.Build.0 = Debug|Any CPU
		{766FBBE1-8BFB-4A67-98DA-E903D53F8E9C}.Release|Any CPU.ActiveCfg = Release|Any CPU
		{766FBBE1-8BFB-4A67-98DA-E903D53F8E9C}.Release|Any CPU.Build.0 = Release|Any CPU
	EndGlobalSection
	GlobalSection(SolutionProperties) = preSolution
		HideSolutionNode = FALSE
	EndGlobalSection
	GlobalSection(ExtensibilityGlobals) = postSolution
		SolutionGuid = {EB4D1CB3-7866-4CDA-BC4C-A312A525114E}
	EndGlobalSection
EndGlobal
